
Microsoft Visual Studio Solution File, Format Version 12.00
# Visual Studio Version 17
VisualStudioVersion = 17.5.33502.453
MinimumVisualStudioVersion = 10.0.40219.1
Project("{FAE04EC0-301F-11D3-BF4B-00C04F79EFBC}") = "Ukhova_CSharp", "Ukhova_CSharp.csproj", "{DA4CFCCD-AD71-479A-9102-D8F4C1C0F17B}"
EndProject
Global
	GlobalSection(SolutionConfigurationPlatforms) = preSolution
		Debug|Any CPU = Debug|Any CPU
		Release|Any CPU = Release|Any CPU
	EndGlobalSection
	GlobalSection(ProjectConfigurationPlatforms) = postSolution
		{DA4CFCCD-AD71-479A-9102-D8F4C1C0F17B}.Debug|Any CPU.ActiveCfg = Debug|Any CPU
		{DA4CFCCD-AD71-479A-9102-D8F4C1C0F17B}.Debug|Any CPU.Build.0 = Debug|Any CPU
		{DA4CFCCD-AD71-479A-9102-D8F4C1C0F17B}.Release|Any CPU.ActiveCfg = Release|Any CPU
		{DA4CFCCD-AD71-479A-9102-D8F4C1C0F17B}.Release|Any CPU.Build.0 = Release|Any CPU
	EndGlobalSection
	GlobalSection(SolutionProperties) = preSolution
		HideSolutionNode = FALSE
	EndGlobalSection
	GlobalSection(ExtensibilityGlobals) = postSolution
		SolutionGuid = {66951ED0-7300-40AC-AF86-DC8E7BA48224}
	EndGlobalSection
EndGlobal
